
Microsoft Visual Studio Solution File, Format Version 12.00
# Visual Studio Version 16
VisualStudioVersion = 16.0.31702.278
MinimumVisualStudioVersion = 10.0.40219.1
Project("{FAE04EC0-301F-11D3-BF4B-00C04F79EFBC}") = "TestEleksApplication.Infrastructure", "TestEleksApplication\TestEleksApplication.Infrastructure.csproj", "{3348CF6F-F9F3-4BBF-A008-4AC404BD592A}"
EndProject
Project("{FAE04EC0-301F-11D3-BF4B-00C04F79EFBC}") = "TestEleksApplication.DataLayer", "TestEleksApplication.DataLayer\TestEleksApplication.DataLayer.csproj", "{9A481A5D-04B1-4B79-B196-F5C4237EF79A}"
EndProject
Global
	GlobalSection(SolutionConfigurationPlatforms) = preSolution
		Debug|Any CPU = Debug|Any CPU
		Release|Any CPU = Release|Any CPU
	EndGlobalSection
	GlobalSection(ProjectConfigurationPlatforms) = postSolution
		{3348CF6F-F9F3-4BBF-A008-4AC404BD592A}.Debug|Any CPU.ActiveCfg = Debug|Any CPU
		{3348CF6F-F9F3-4BBF-A008-4AC404BD592A}.Debug|Any CPU.Build.0 = Debug|Any CPU
		{3348CF6F-F9F3-4BBF-A008-4AC404BD592A}.Release|Any CPU.ActiveCfg = Release|Any CPU
		{3348CF6F-F9F3-4BBF-A008-4AC404BD592A}.Release|Any CPU.Build.0 = Release|Any CPU
		{9A481A5D-04B1-4B79-B196-F5C4237EF79A}.Debug|Any CPU.ActiveCfg = Debug|Any CPU
		{9A481A5D-04B1-4B79-B196-F5C4237EF79A}.Debug|Any CPU.Build.0 = Debug|Any CPU
		{9A481A5D-04B1-4B79-B196-F5C4237EF79A}.Release|Any CPU.ActiveCfg = Release|Any CPU
		{9A481A5D-04B1-4B79-B196-F5C4237EF79A}.Release|Any CPU.Build.0 = Release|Any CPU
	EndGlobalSection
	GlobalSection(SolutionProperties) = preSolution
		HideSolutionNode = FALSE
	EndGlobalSection
	GlobalSection(ExtensibilityGlobals) = postSolution
		SolutionGuid = {9A489AA7-7FA7-45EC-B5C6-D8E249BF21C4}
	EndGlobalSection
EndGlobal
